// !$*UTF8*$!
{
	archiveVersion = 1;
	classes = {
	};
	objectVersion = 56;
	objects = {

/* Begin PBXBuildFile section */
		2BC2D0012A822EEA00CA1463 /* AppDelegate.swift in Sources */ = {isa = PBXBuildFile; fileRef = 2BC2D0002A822EEA00CA1463 /* AppDelegate.swift */; };
		2BC2D0032A822EEA00CA1463 /* SceneDelegate.swift in Sources */ = {isa = PBXBuildFile; fileRef = 2BC2D0022A822EEA00CA1463 /* SceneDelegate.swift */; };
		2BC2D0052A822EEA00CA1463 /* ViewController.swift in Sources */ = {isa = PBXBuildFile; fileRef = 2BC2D0042A822EEA00CA1463 /* ViewController.swift */; };
		2BC2D0082A822EEA00CA1463 /* Main.storyboard in Resources */ = {isa = PBXBuildFile; fileRef = 2BC2D0062A822EEA00CA1463 /* Main.storyboard */; };
		2BC2D00A2A822EED00CA1463 /* Assets.xcassets in Resources */ = {isa = PBXBuildFile; fileRef = 2BC2D0092A822EED00CA1463 /* Assets.xcassets */; };
		2BC2D00D2A822EED00CA1463 /* LaunchScreen.storyboard in Resources */ = {isa = PBXBuildFile; fileRef = 2BC2D00B2A822EED00CA1463 /* LaunchScreen.storyboard */; };
		2BC2D0182A822EEE00CA1463 /* BetelgeuseTests.swift in Sources */ = {isa = PBXBuildFile; fileRef = 2BC2D0172A822EEE00CA1463 /* BetelgeuseTests.swift */; };
		2BC2D0222A822EEE00CA1463 /* BetelgeuseUITests.swift in Sources */ = {isa = PBXBuildFile; fileRef = 2BC2D0212A822EEE00CA1463 /* BetelgeuseUITests.swift */; };
		2BC2D0242A822EEE00CA1463 /* BetelgeuseUITestsLaunchTests.swift in Sources */ = {isa = PBXBuildFile; fileRef = 2BC2D0232A822EEE00CA1463 /* BetelgeuseUITestsLaunchTests.swift */; };
		2BC32EEB2A8DB7F30039E4C5 /* Alamofire in Frameworks */ = {isa = PBXBuildFile; productRef = 2BC32EEA2A8DB7F30039E4C5 /* Alamofire */; };
/* End PBXBuildFile section */

/* Begin PBXContainerItemProxy section */
		2BC2D0142A822EEE00CA1463 /* PBXContainerItemProxy */ = {
			isa = PBXContainerItemProxy;
			containerPortal = 2BC2CFF52A822EEA00CA1463 /* Project object */;
			proxyType = 1;
			remoteGlobalIDString = 2BC2CFFC2A822EEA00CA1463;
			remoteInfo = Betelgeuse;
		};
		2BC2D01E2A822EEE00CA1463 /* PBXContainerItemProxy */ = {
			isa = PBXContainerItemProxy;
			containerPortal = 2BC2CFF52A822EEA00CA1463 /* Project object */;
			proxyType = 1;
			remoteGlobalIDString = 2BC2CFFC2A822EEA00CA1463;
			remoteInfo = Betelgeuse;
		};
/* End PBXContainerItemProxy section */

/* Begin PBXFileReference section */
		2BC2CFFD2A822EEA00CA1463 /* Betelgeuse.app */ = {isa = PBXFileReference; explicitFileType = wrapper.application; includeInIndex = 0; path = Betelgeuse.app; sourceTree = BUILT_PRODUCTS_DIR; };
		2BC2D0002A822EEA00CA1463 /* AppDelegate.swift */ = {isa = PBXFileReference; lastKnownFileType = sourcecode.swift; path = AppDelegate.swift; sourceTree = "<group>"; };
		2BC2D0022A822EEA00CA1463 /* SceneDelegate.swift */ = {isa = PBXFileReference; lastKnownFileType = sourcecode.swift; path = SceneDelegate.swift; sourceTree = "<group>"; };
		2BC2D0042A822EEA00CA1463 /* ViewController.swift */ = {isa = PBXFileReference; lastKnownFileType = sourcecode.swift; path = ViewController.swift; sourceTree = "<group>"; };
		2BC2D0072A822EEA00CA1463 /* Base */ = {isa = PBXFileReference; lastKnownFileType = file.storyboard; name = Base; path = Base.lproj/Main.storyboard; sourceTree = "<group>"; };
		2BC2D0092A822EED00CA1463 /* Assets.xcassets */ = {isa = PBXFileReference; lastKnownFileType = folder.assetcatalog; path = Assets.xcassets; sourceTree = "<group>"; };
		2BC2D00C2A822EED00CA1463 /* Base */ = {isa = PBXFileReference; lastKnownFileType = file.storyboard; name = Base; path = Base.lproj/LaunchScreen.storyboard; sourceTree = "<group>"; };
		2BC2D00E2A822EED00CA1463 /* Info.plist */ = {isa = PBXFileReference; lastKnownFileType = text.plist.xml; path = Info.plist; sourceTree = "<group>"; };
		2BC2D0132A822EEE00CA1463 /* BetelgeuseTests.xctest */ = {isa = PBXFileReference; explicitFileType = wrapper.cfbundle; includeInIndex = 0; path = BetelgeuseTests.xctest; sourceTree = BUILT_PRODUCTS_DIR; };
		2BC2D0172A822EEE00CA1463 /* BetelgeuseTests.swift */ = {isa = PBXFileReference; lastKnownFileType = sourcecode.swift; path = BetelgeuseTests.swift; sourceTree = "<group>"; };
		2BC2D01D2A822EEE00CA1463 /* BetelgeuseUITests.xctest */ = {isa = PBXFileReference; explicitFileType = wrapper.cfbundle; includeInIndex = 0; path = BetelgeuseUITests.xctest; sourceTree = BUILT_PRODUCTS_DIR; };
		2BC2D0212A822EEE00CA1463 /* BetelgeuseUITests.swift */ = {isa = PBXFileReference; lastKnownFileType = sourcecode.swift; path = BetelgeuseUITests.swift; sourceTree = "<group>"; };
		2BC2D0232A822EEE00CA1463 /* BetelgeuseUITestsLaunchTests.swift */ = {isa = PBXFileReference; lastKnownFileType = sourcecode.swift; path = BetelgeuseUITestsLaunchTests.swift; sourceTree = "<group>"; };
/* End PBXFileReference section */

/* Begin PBXFrameworksBuildPhase section */
		2BC2CFFA2A822EEA00CA1463 /* Frameworks */ = {
			isa = PBXFrameworksBuildPhase;
			buildActionMask = 2147483647;
			files = (
				2BC32EEB2A8DB7F30039E4C5 /* Alamofire in Frameworks */,
			);
			runOnlyForDeploymentPostprocessing = 0;
		};
		2BC2D0102A822EEE00CA1463 /* Frameworks */ = {
			isa = PBXFrameworksBuildPhase;
			buildActionMask = 2147483647;
			files = (
			);
			runOnlyForDeploymentPostprocessing = 0;
		};
		2BC2D01A2A822EEE00CA1463 /* Frameworks */ = {
			isa = PBXFrameworksBuildPhase;
			buildActionMask = 2147483647;
			files = (
			);
			runOnlyForDeploymentPostprocessing = 0;
		};
/* End PBXFrameworksBuildPhase section */

/* Begin PBXGroup section */
		2BC2CFF42A822EEA00CA1463 = {
			isa = PBXGroup;
			children = (
				2BC2CFFF2A822EEA00CA1463 /* Betelgeuse */,
				2BC2D0162A822EEE00CA1463 /* BetelgeuseTests */,
				2BC2D0202A822EEE00CA1463 /* BetelgeuseUITests */,
				2BC2CFFE2A822EEA00CA1463 /* Products */,
			);
			sourceTree = "<group>";
		};
		2BC2CFFE2A822EEA00CA1463 /* Products */ = {
			isa = PBXGroup;
			children = (
				2BC2CFFD2A822EEA00CA1463 /* Betelgeuse.app */,
				2BC2D0132A822EEE00CA1463 /* BetelgeuseTests.xctest */,
				2BC2D01D2A822EEE00CA1463 /* BetelgeuseUITests.xctest */,
			);
			name = Products;
			sourceTree = "<group>";
		};
		2BC2CFFF2A822EEA00CA1463 /* Betelgeuse */ = {
			isa = PBXGroup;
			children = (
				2BC2D0302A8CD66900CA1463 /* Main */,
				2BC2D0042A822EEA00CA1463 /* ViewController.swift */,
				2BC2D0062A822EEA00CA1463 /* Main.storyboard */,
				2BC2D0092A822EED00CA1463 /* Assets.xcassets */,
				2BC2D00B2A822EED00CA1463 /* LaunchScreen.storyboard */,
				2BC2D00E2A822EED00CA1463 /* Info.plist */,
			);
			path = Betelgeuse;
			sourceTree = "<group>";
		};
		2BC2D0162A822EEE00CA1463 /* BetelgeuseTests */ = {
			isa = PBXGroup;
			children = (
				2BC2D0172A822EEE00CA1463 /* BetelgeuseTests.swift */,
			);
			path = BetelgeuseTests;
			sourceTree = "<group>";
		};
		2BC2D0202A822EEE00CA1463 /* BetelgeuseUITests */ = {
			isa = PBXGroup;
			children = (
				2BC2D0212A822EEE00CA1463 /* BetelgeuseUITests.swift */,
				2BC2D0232A822EEE00CA1463 /* BetelgeuseUITestsLaunchTests.swift */,
			);
			path = BetelgeuseUITests;
			sourceTree = "<group>";
		};
		2BC2D0302A8CD66900CA1463 /* Main */ = {
			isa = PBXGroup;
			children = (
				2BC2D0002A822EEA00CA1463 /* AppDelegate.swift */,
				2BC2D0022A822EEA00CA1463 /* SceneDelegate.swift */,
			);
			path = Main;
			sourceTree = "<group>";
		};
/* End PBXGroup section */

/* Begin PBXNativeTarget section */
		2BC2CFFC2A822EEA00CA1463 /* Betelgeuse */ = {
			isa = PBXNativeTarget;
			buildConfigurationList = 2BC2D0272A822EEE00CA1463 /* Build configuration list for PBXNativeTarget "Betelgeuse" */;
			buildPhases = (
				2BC2CFF92A822EEA00CA1463 /* Sources */,
				2BC2CFFA2A822EEA00CA1463 /* Frameworks */,
				2BC2CFFB2A822EEA00CA1463 /* Resources */,
			);
			buildRules = (
			);
			dependencies = (
			);
			name = Betelgeuse;
			packageProductDependencies = (
				2BC32EEA2A8DB7F30039E4C5 /* Alamofire */,
			);
			productName = Betelgeuse;
			productReference = 2BC2CFFD2A822EEA00CA1463 /* Betelgeuse.app */;
			productType = "com.apple.product-type.application";
		};
		2BC2D0122A822EEE00CA1463 /* BetelgeuseTests */ = {
			isa = PBXNativeTarget;
			buildConfigurationList = 2BC2D02A2A822EEE00CA1463 /* Build configuration list for PBXNativeTarget "BetelgeuseTests" */;
			buildPhases = (
				2BC2D00F2A822EEE00CA1463 /* Sources */,
				2BC2D0102A822EEE00CA1463 /* Frameworks */,
				2BC2D0112A822EEE00CA1463 /* Resources */,
			);
			buildRules = (
			);
			dependencies = (
				2BC2D0152A822EEE00CA1463 /* PBXTargetDependency */,
			);
			name = BetelgeuseTests;
			productName = BetelgeuseTests;
			productReference = 2BC2D0132A822EEE00CA1463 /* BetelgeuseTests.xctest */;
			productType = "com.apple.product-type.bundle.unit-test";
		};
		2BC2D01C2A822EEE00CA1463 /* BetelgeuseUITests */ = {
			isa = PBXNativeTarget;
			buildConfigurationList = 2BC2D02D2A822EEE00CA1463 /* Build configuration list for PBXNativeTarget "BetelgeuseUITests" */;
			buildPhases = (
				2BC2D0192A822EEE00CA1463 /* Sources */,
				2BC2D01A2A822EEE00CA1463 /* Frameworks */,
				2BC2D01B2A822EEE00CA1463 /* Resources */,
			);
			buildRules = (
			);
			dependencies = (
				2BC2D01F2A822EEE00CA1463 /* PBXTargetDependency */,
			);
			name = BetelgeuseUITests;
			productName = BetelgeuseUITests;
			productReference = 2BC2D01D2A822EEE00CA1463 /* BetelgeuseUITests.xctest */;
			productType = "com.apple.product-type.bundle.ui-testing";
		};
/* End PBXNativeTarget section */

/* Begin PBXProject section */
		2BC2CFF52A822EEA00CA1463 /* Project object */ = {
			isa = PBXProject;
			attributes = {
				BuildIndependentTargetsInParallel = 1;
				LastSwiftUpdateCheck = 1430;
				LastUpgradeCheck = 1430;
				TargetAttributes = {
					2BC2CFFC2A822EEA00CA1463 = {
						CreatedOnToolsVersion = 14.3.1;
					};
					2BC2D0122A822EEE00CA1463 = {
						CreatedOnToolsVersion = 14.3.1;
						TestTargetID = 2BC2CFFC2A822EEA00CA1463;
					};
					2BC2D01C2A822EEE00CA1463 = {
						CreatedOnToolsVersion = 14.3.1;
						TestTargetID = 2BC2CFFC2A822EEA00CA1463;
					};
				};
			};
			buildConfigurationList = 2BC2CFF82A822EEA00CA1463 /* Build configuration list for PBXProject "Betelgeuse" */;
			compatibilityVersion = "Xcode 14.0";
			developmentRegion = en;
			hasScannedForEncodings = 0;
			knownRegions = (
				en,
				Base,
			);
			mainGroup = 2BC2CFF42A822EEA00CA1463;
			packageReferences = (
				2BC32EE92A8DB7F30039E4C5 /* XCRemoteSwiftPackageReference "Alamofire" */,
			);
			productRefGroup = 2BC2CFFE2A822EEA00CA1463 /* Products */;
			projectDirPath = "";
			projectRoot = "";
			targets = (
				2BC2CFFC2A822EEA00CA1463 /* Betelgeuse */,
				2BC2D0122A822EEE00CA1463 /* BetelgeuseTests */,
				2BC2D01C2A822EEE00CA1463 /* BetelgeuseUITests */,
			);
		};
/* End PBXProject section */

/* Begin PBXResourcesBuildPhase section */
		2BC2CFFB2A822EEA00CA1463 /* Resources */ = {
			isa = PBXResourcesBuildPhase;
			buildActionMask = 2147483647;
			files = (
				2BC2D00D2A822EED00CA1463 /* LaunchScreen.storyboard in Resources */,
				2BC2D00A2A822EED00CA1463 /* Assets.xcassets in Resources */,
				2BC2D0082A822EEA00CA1463 /* Main.storyboard in Resources */,
			);
			runOnlyForDeploymentPostprocessing = 0;
		};
		2BC2D0112A822EEE00CA1463 /* Resources */ = {
			isa = PBXResourcesBuildPhase;
			buildActionMask = 2147483647;
			files = (
			);
			runOnlyForDeploymentPostprocessing = 0;
		};
		2BC2D01B2A822EEE00CA1463 /* Resources */ = {
			isa = PBXResourcesBuildPhase;
			buildActionMask = 2147483647;
			files = (
			);
			runOnlyForDeploymentPostprocessing = 0;
		};
/* End PBXResourcesBuildPhase section */

/* Begin PBXSourcesBuildPhase section */
		2BC2CFF92A822EEA00CA1463 /* Sources */ = {
			isa = PBXSourcesBuildPhase;
			buildActionMask = 2147483647;
			files = (
				2BC2D0052A822EEA00CA1463 /* ViewController.swift in Sources */,
				2BC2D0012A822EEA00CA1463 /* AppDelegate.swift in Sources */,
				2BC2D0032A822EEA00CA1463 /* SceneDelegate.swift in Sources */,
			);
			runOnlyForDeploymentPostprocessing = 0;
		};
		2BC2D00F2A822EEE00CA1463 /* Sources */ = {
			isa = PBXSourcesBuildPhase;
			buildActionMask = 2147483647;
			files = (
				2BC2D0182A822EEE00CA1463 /* BetelgeuseTests.swift in Sources */,
			);
			runOnlyForDeploymentPostprocessing = 0;
		};
		2BC2D0192A822EEE00CA1463 /* Sources */ = {
			isa = PBXSourcesBuildPhase;
			buildActionMask = 2147483647;
			files = (
				2BC2D0222A822EEE00CA1463 /* BetelgeuseUITests.swift in Sources */,
				2BC2D0242A822EEE00CA1463 /* BetelgeuseUITestsLaunchTests.swift in Sources */,
			);
			runOnlyForDeploymentPostprocessing = 0;
		};
/* End PBXSourcesBuildPhase section */

/* Begin PBXTargetDependency section */
		2BC2D0152A822EEE00CA1463 /* PBXTargetDependency */ = {
			isa = PBXTargetDependency;
			target = 2BC2CFFC2A822EEA00CA1463 /* Betelgeuse */;
			targetProxy = 2BC2D0142A822EEE00CA1463 /* PBXContainerItemProxy */;
		};
		2BC2D01F2A822EEE00CA1463 /* PBXTargetDependency */ = {
			isa = PBXTargetDependency;
			target = 2BC2CFFC2A822EEA00CA1463 /* Betelgeuse */;
			targetProxy = 2BC2D01E2A822EEE00CA1463 /* PBXContainerItemProxy */;
		};
/* End PBXTargetDependency section */

/* Begin PBXVariantGroup section */
		2BC2D0062A822EEA00CA1463 /* Main.storyboard */ = {
			isa = PBXVariantGroup;
			children = (
				2BC2D0072A822EEA00CA1463 /* Base */,
			);
			name = Main.storyboard;
			sourceTree = "<group>";
		};
		2BC2D00B2A822EED00CA1463 /* LaunchScreen.storyboard */ = {
			isa = PBXVariantGroup;
			children = (
				2BC2D00C2A822EED00CA1463 /* Base */,
			);
			name = LaunchScreen.storyboard;
			sourceTree = "<group>";
		};
/* End PBXVariantGroup section */

/* Begin XCBuildConfiguration section */
		2BC2D0252A822EEE00CA1463 /* Debug */ = {
			isa = XCBuildConfiguration;
			buildSettings = {
				ALWAYS_SEARCH_USER_PATHS = NO;
				CLANG_ANALYZER_NONNULL = YES;
				CLANG_ANALYZER_NUMBER_OBJECT_CONVERSION = YES_AGGRESSIVE;
				CLANG_CXX_LANGUAGE_STANDARD = "gnu++20";
				CLANG_ENABLE_MODULES = YES;
				CLANG_ENABLE_OBJC_ARC = YES;
				CLANG_ENABLE_OBJC_WEAK = YES;
				CLANG_WARN_BLOCK_CAPTURE_AUTORELEASING = YES;
				CLANG_WARN_BOOL_CONVERSION = YES;
				CLANG_WARN_COMMA = YES;
				CLANG_WARN_CONSTANT_CONVERSION = YES;
				CLANG_WARN_DEPRECATED_OBJC_IMPLEMENTATIONS = YES;
				CLANG_WARN_DIRECT_OBJC_ISA_USAGE = YES_ERROR;
				CLANG_WARN_DOCUMENTATION_COMMENTS = YES;
				CLANG_WARN_EMPTY_BODY = YES;
				CLANG_WARN_ENUM_CONVERSION = YES;
				CLANG_WARN_INFINITE_RECURSION = YES;
				CLANG_WARN_INT_CONVERSION = YES;
				CLANG_WARN_NON_LITERAL_NULL_CONVERSION = YES;
				CLANG_WARN_OBJC_IMPLICIT_RETAIN_SELF = YES;
				CLANG_WARN_OBJC_LITERAL_CONVERSION = YES;
				CLANG_WARN_OBJC_ROOT_CLASS = YES_ERROR;
				CLANG_WARN_QUOTED_INCLUDE_IN_FRAMEWORK_HEADER = YES;
				CLANG_WARN_RANGE_LOOP_ANALYSIS = YES;
				CLANG_WARN_STRICT_PROTOTYPES = YES;
				CLANG_WARN_SUSPICIOUS_MOVE = YES;
				CLANG_WARN_UNGUARDED_AVAILABILITY = YES_AGGRESSIVE;
				CLANG_WARN_UNREACHABLE_CODE = YES;
				CLANG_WARN__DUPLICATE_METHOD_MATCH = YES;
				COPY_PHASE_STRIP = NO;
				DEBUG_INFORMATION_FORMAT = dwarf;
				ENABLE_STRICT_OBJC_MSGSEND = YES;
				ENABLE_TESTABILITY = YES;
				GCC_C_LANGUAGE_STANDARD = gnu11;
				GCC_DYNAMIC_NO_PIC = NO;
				GCC_NO_COMMON_BLOCKS = YES;
				GCC_OPTIMIZATION_LEVEL = 0;
				GCC_PREPROCESSOR_DEFINITIONS = (
					"DEBUG=1",
					"$(inherited)",
				);
				GCC_WARN_64_TO_32_BIT_CONVERSION = YES;
				GCC_WARN_ABOUT_RETURN_TYPE = YES_ERROR;
				GCC_WARN_UNDECLARED_SELECTOR = YES;
				GCC_WARN_UNINITIALIZED_AUTOS = YES_AGGRESSIVE;
				GCC_WARN_UNUSED_FUNCTION = YES;
				GCC_WARN_UNUSED_VARIABLE = YES;
				IPHONEOS_DEPLOYMENT_TARGET = 16.4;
				MTL_ENABLE_DEBUG_INFO = INCLUDE_SOURCE;
				MTL_FAST_MATH = YES;
				ONLY_ACTIVE_ARCH = YES;
				SDKROOT = iphoneos;
				SWIFT_ACTIVE_COMPILATION_CONDITIONS = DEBUG;
				SWIFT_OPTIMIZATION_LEVEL = "-Onone";
			};
			name = Debug;
		};
		2BC2D0262A822EEE00CA1463 /* Release */ = {
			isa = XCBuildConfiguration;
			buildSettings = {
				ALWAYS_SEARCH_USER_PATHS = NO;
				CLANG_ANALYZER_NONNULL = YES;
				CLANG_ANALYZER_NUMBER_OBJECT_CONVERSION = YES_AGGRESSIVE;
				CLANG_CXX_LANGUAGE_STANDARD = "gnu++20";
				CLANG_ENABLE_MODULES = YES;
				CLANG_ENABLE_OBJC_ARC = YES;
				CLANG_ENABLE_OBJC_WEAK = YES;
				CLANG_WARN_BLOCK_CAPTURE_AUTORELEASING = YES;
				CLANG_WARN_BOOL_CONVERSION = YES;
				CLANG_WARN_COMMA = YES;
				CLANG_WARN_CONSTANT_CONVERSION = YES;
				CLANG_WARN_DEPRECATED_OBJC_IMPLEMENTATIONS = YES;
				CLANG_WARN_DIRECT_OBJC_ISA_USAGE = YES_ERROR;
				CLANG_WARN_DOCUMENTATION_COMMENTS = YES;
				CLANG_WARN_EMPTY_BODY = YES;
				CLANG_WARN_ENUM_CONVERSION = YES;
				CLANG_WARN_INFINITE_RECURSION = YES;
				CLANG_WARN_INT_CONVERSION = YES;
				CLANG_WARN_NON_LITERAL_NULL_CONVERSION = YES;
				CLANG_WARN_OBJC_IMPLICIT_RETAIN_SELF = YES;
				CLANG_WARN_OBJC_LITERAL_CONVERSION = YES;
				CLANG_WARN_OBJC_ROOT_CLASS = YES_ERROR;
				CLANG_WARN_QUOTED_INCLUDE_IN_FRAMEWORK_HEADER = YES;
				CLANG_WARN_RANGE_LOOP_ANALYSIS = YES;
				CLANG_WARN_STRICT_PROTOTYPES = YES;
				CLANG_WARN_SUSPICIOUS_MOVE = YES;
				CLANG_WARN_UNGUARDED_AVAILABILITY = YES_AGGRESSIVE;
				CLANG_WARN_UNREACHABLE_CODE = YES;
				CLANG_WARN__DUPLICATE_METHOD_MATCH = YES;
				COPY_PHASE_STRIP = NO;
				DEBUG_INFORMATION_FORMAT = "dwarf-with-dsym";
				ENABLE_NS_ASSERTIONS = NO;
				ENABLE_STRICT_OBJC_MSGSEND = YES;
				GCC_C_LANGUAGE_STANDARD = gnu11;
				GCC_NO_COMMON_BLOCKS = YES;
				GCC_WARN_64_TO_32_BIT_CONVERSION = YES;
				GCC_WARN_ABOUT_RETURN_TYPE = YES_ERROR;
				GCC_WARN_UNDECLARED_SELECTOR = YES;
				GCC_WARN_UNINITIALIZED_AUTOS = YES_AGGRESSIVE;
				GCC_WARN_UNUSED_FUNCTION = YES;
				GCC_WARN_UNUSED_VARIABLE = YES;
				IPHONEOS_DEPLOYMENT_TARGET = 16.4;
				MTL_ENABLE_DEBUG_INFO = NO;
				MTL_FAST_MATH = YES;
				SDKROOT = iphoneos;
				SWIFT_COMPILATION_MODE = wholemodule;
				SWIFT_OPTIMIZATION_LEVEL = "-O";
				VALIDATE_PRODUCT = YES;
			};
			name = Release;
		};
		2BC2D0282A822EEE00CA1463 /* Debug */ = {
			isa = XCBuildConfiguration;
			buildSettings = {
				ASSETCATALOG_COMPILER_APPICON_NAME = AppIcon;
				ASSETCATALOG_COMPILER_GLOBAL_ACCENT_COLOR_NAME = AccentColor;
				CODE_SIGN_STYLE = Automatic;
				CURRENT_PROJECT_VERSION = 1;
				DEVELOPMENT_TEAM = 685GMF3T2P;
				GENERATE_INFOPLIST_FILE = YES;
				INFOPLIST_FILE = Betelgeuse/Info.plist;
				INFOPLIST_KEY_UIApplicationSupportsIndirectInputEvents = YES;
				INFOPLIST_KEY_UILaunchStoryboardName = LaunchScreen.storyboard;
				INFOPLIST_KEY_UIMainStoryboardFile = Main;
				INFOPLIST_KEY_UISupportedInterfaceOrientations_iPad = "UIInterfaceOrientationPortrait UIInterfaceOrientationPortraitUpsideDown UIInterfaceOrientationLandscapeLeft UIInterfaceOrientationLandscapeRight";
				INFOPLIST_KEY_UISupportedInterfaceOrientations_iPhone = "UIInterfaceOrientationPortrait UIInterfaceOrientationLandscapeLeft UIInterfaceOrientationLandscapeRight";
				IPHONEOS_DEPLOYMENT_TARGET = 15.0;
				LD_RUNPATH_SEARCH_PATHS = (
					"$(inherited)",
					"@executable_path/Frameworks",
				);
				MARKETING_VERSION = 1.0;
				PRODUCT_BUNDLE_IDENTIFIER = com.rslz.Betelgeuse;
				PRODUCT_NAME = "$(TARGET_NAME)";
				SWIFT_EMIT_LOC_STRINGS = YES;
				SWIFT_VERSION = 5.0;
				TARGETED_DEVICE_FAMILY = "1,2";
			};
			name = Debug;
		};
		2BC2D0292A822EEE00CA1463 /* Release */ = {
			isa = XCBuildConfiguration;
			buildSettings = {
				ASSETCATALOG_COMPILER_APPICON_NAME = AppIcon;
				ASSETCATALOG_COMPILER_GLOBAL_ACCENT_COLOR_NAME = AccentColor;
				CODE_SIGN_STYLE = Automatic;
				CURRENT_PROJECT_VERSION = 1;
				DEVELOPMENT_TEAM = 685GMF3T2P;
				GENERATE_INFOPLIST_FILE = YES;
				INFOPLIST_FILE = Betelgeuse/Info.plist;
				INFOPLIST_KEY_UIApplicationSupportsIndirectInputEvents = YES;
				INFOPLIST_KEY_UILaunchStoryboardName = LaunchScreen.storyboard;
				INFOPLIST_KEY_UIMainStoryboardFile = Main;
				INFOPLIST_KEY_UISupportedInterfaceOrientations_iPad = "UIInterfaceOrientationPortrait UIInterfaceOrientationPortraitUpsideDown UIInterfaceOrientationLandscapeLeft UIInterfaceOrientationLandscapeRight";
				INFOPLIST_KEY_UISupportedInterfaceOrientations_iPhone = "UIInterfaceOrientationPortrait UIInterfaceOrientationLandscapeLeft UIInterfaceOrientationLandscapeRight";
				IPHONEOS_DEPLOYMENT_TARGET = 15.0;
				LD_RUNPATH_SEARCH_PATHS = (
					"$(inherited)",
					"@executable_path/Frameworks",
				);
				MARKETING_VERSION = 1.0;
				PRODUCT_BUNDLE_IDENTIFIER = com.rslz.Betelgeuse;
				PRODUCT_NAME = "$(TARGET_NAME)";
				SWIFT_EMIT_LOC_STRINGS = YES;
				SWIFT_VERSION = 5.0;
				TARGETED_DEVICE_FAMILY = "1,2";
			};
			name = Release;
		};
		2BC2D02B2A822EEE00CA1463 /* Debug */ = {
			isa = XCBuildConfiguration;
			buildSettings = {
				ALWAYS_EMBED_SWIFT_STANDARD_LIBRARIES = YES;
				BUNDLE_LOADER = "$(TEST_HOST)";
				CODE_SIGN_STYLE = Automatic;
				CURRENT_PROJECT_VERSION = 1;
				DEVELOPMENT_TEAM = 685GMF3T2P;
				GENERATE_INFOPLIST_FILE = YES;
				IPHONEOS_DEPLOYMENT_TARGET = 16.4;
				MARKETING_VERSION = 1.0;
				PRODUCT_BUNDLE_IDENTIFIER = com.rslz.BetelgeuseTests;
				PRODUCT_NAME = "$(TARGET_NAME)";
				SWIFT_EMIT_LOC_STRINGS = NO;
				SWIFT_VERSION = 5.0;
				TARGETED_DEVICE_FAMILY = "1,2";
				TEST_HOST = "$(BUILT_PRODUCTS_DIR)/Betelgeuse.app/$(BUNDLE_EXECUTABLE_FOLDER_PATH)/Betelgeuse";
			};
			name = Debug;
		};
		2BC2D02C2A822EEE00CA1463 /* Release */ = {
			isa = XCBuildConfiguration;
			buildSettings = {
				ALWAYS_EMBED_SWIFT_STANDARD_LIBRARIES = YES;
				BUNDLE_LOADER = "$(TEST_HOST)";
				CODE_SIGN_STYLE = Automatic;
				CURRENT_PROJECT_VERSION = 1;
				DEVELOPMENT_TEAM = 685GMF3T2P;
				GENERATE_INFOPLIST_FILE = YES;
				IPHONEOS_DEPLOYMENT_TARGET = 16.4;
				MARKETING_VERSION = 1.0;
				PRODUCT_BUNDLE_IDENTIFIER = com.rslz.BetelgeuseTests;
				PRODUCT_NAME = "$(TARGET_NAME)";
				SWIFT_EMIT_LOC_STRINGS = NO;
				SWIFT_VERSION = 5.0;
				TARGETED_DEVICE_FAMILY = "1,2";
				TEST_HOST = "$(BUILT_PRODUCTS_DIR)/Betelgeuse.app/$(BUNDLE_EXECUTABLE_FOLDER_PATH)/Betelgeuse";
			};
			name = Release;
		};
		2BC2D02E2A822EEE00CA1463 /* Debug */ = {
			isa = XCBuildConfiguration;
			buildSettings = {
				ALWAYS_EMBED_SWIFT_STANDARD_LIBRARIES = YES;
				CODE_SIGN_STYLE = Automatic;
				CURRENT_PROJECT_VERSION = 1;
				DEVELOPMENT_TEAM = 685GMF3T2P;
				GENERATE_INFOPLIST_FILE = YES;
				MARKETING_VERSION = 1.0;
				PRODUCT_BUNDLE_IDENTIFIER = com.rslz.BetelgeuseUITests;
				PRODUCT_NAME = "$(TARGET_NAME)";
				SWIFT_EMIT_LOC_STRINGS = NO;
				SWIFT_VERSION = 5.0;
				TARGETED_DEVICE_FAMILY = "1,2";
				TEST_TARGET_NAME = Betelgeuse;
			};
			name = Debug;
		};
		2BC2D02F2A822EEE00CA1463 /* Release */ = {
			isa = XCBuildConfiguration;
			buildSettings = {
				ALWAYS_EMBED_SWIFT_STANDARD_LIBRARIES = YES;
				CODE_SIGN_STYLE = Automatic;
				CURRENT_PROJECT_VERSION = 1;
				DEVELOPMENT_TEAM = 685GMF3T2P;
				GENERATE_INFOPLIST_FILE = YES;
				MARKETING_VERSION = 1.0;
				PRODUCT_BUNDLE_IDENTIFIER = com.rslz.BetelgeuseUITests;
				PRODUCT_NAME = "$(TARGET_NAME)";
				SWIFT_EMIT_LOC_STRINGS = NO;
				SWIFT_VERSION = 5.0;
				TARGETED_DEVICE_FAMILY = "1,2";
				TEST_TARGET_NAME = Betelgeuse;
			};
			name = Release;
		};
/* End XCBuildConfiguration section */

/* Begin XCConfigurationList section */
		2BC2CFF82A822EEA00CA1463 /* Build configuration list for PBXProject "Betelgeuse" */ = {
			isa = XCConfigurationList;
			buildConfigurations = (
				2BC2D0252A822EEE00CA1463 /* Debug */,
				2BC2D0262A822EEE00CA1463 /* Release */,
			);
			defaultConfigurationIsVisible = 0;
			defaultConfigurationName = Release;
		};
		2BC2D0272A822EEE00CA1463 /* Build configuration list for PBXNativeTarget "Betelgeuse" */ = {
			isa = XCConfigurationList;
			buildConfigurations = (
				2BC2D0282A822EEE00CA1463 /* Debug */,
				2BC2D0292A822EEE00CA1463 /* Release */,
			);
			defaultConfigurationIsVisible = 0;
			defaultConfigurationName = Release;
		};
		2BC2D02A2A822EEE00CA1463 /* Build configuration list for PBXNativeTarget "BetelgeuseTests" */ = {
			isa = XCConfigurationList;
			buildConfigurations = (
				2BC2D02B2A822EEE00CA1463 /* Debug */,
				2BC2D02C2A822EEE00CA1463 /* Release */,
			);
			defaultConfigurationIsVisible = 0;
			defaultConfigurationName = Release;
		};
		2BC2D02D2A822EEE00CA1463 /* Build configuration list for PBXNativeTarget "BetelgeuseUITests" */ = {
			isa = XCConfigurationList;
			buildConfigurations = (
				2BC2D02E2A822EEE00CA1463 /* Debug */,
				2BC2D02F2A822EEE00CA1463 /* Release */,
			);
			defaultConfigurationIsVisible = 0;
			defaultConfigurationName = Release;
		};
/* End XCConfigurationList section */

/* Begin XCRemoteSwiftPackageReference section */
		2BC32EE92A8DB7F30039E4C5 /* XCRemoteSwiftPackageReference "Alamofire" */ = {
			isa = XCRemoteSwiftPackageReference;
			repositoryURL = "https://github.com/Alamofire/Alamofire.git";
			requirement = {
				kind = upToNextMajorVersion;
				minimumVersion = 5.6.0;
			};
		};
/* End XCRemoteSwiftPackageReference section */

/* Begin XCSwiftPackageProductDependency section */
		2BC32EEA2A8DB7F30039E4C5 /* Alamofire */ = {
			isa = XCSwiftPackageProductDependency;
			package = 2BC32EE92A8DB7F30039E4C5 /* XCRemoteSwiftPackageReference "Alamofire" */;
			productName = Alamofire;
		};
/* End XCSwiftPackageProductDependency section */
	};
	rootObject = 2BC2CFF52A822EEA00CA1463 /* Project object */;
}
