{
  "pins" : [
    {
      "identity" : "alamofire",
      "kind" : "remoteSourceControl",
      "location" : "https://github.com/Alamofire/Alamofire.git",
      "state" : {
        "revision" : "3dc6a42c7727c49bf26508e29b0a0b35f9c7e1ad",
        "version" : "5.8.1"
      }
    },
    {
      "identity" : "snapkit",
      "kind" : "remoteSourceControl",
      "location" : "https://github.com/SnapKit/SnapKit",
      "state" : {
        "revision" : "f222cbdf325885926566172f6f5f06af95473158",
        "version" : "5.6.0"
      }
    },
    {
      "identity" : "viewanimator",
      "kind" : "remoteSourceControl",
      "location" : "https://github.com/marcosgriselli/ViewAnimator.git",
      "state" : {
        "revision" : "55f1c46241b181c3e0b68d70edb6d87926c7d183",
        "version" : "3.1.0"
      }
    }
  ],
  "version" : 2
}
